// !$*UTF8*$!
{
	archiveVersion = 1;
	classes = {
	};
	objectVersion = 50;
	objects = {

/* Begin PBXBuildFile section */
		A76DEFDA2570A0E400556562 /* Marty.swift in Sources */ = {isa = PBXBuildFile; fileRef = A76DEFD92570A0E400556562 /* Marty.swift */; };
		A76DEFDC2570A12400556562 /* NowWatchMeQuery.swift in Sources */ = {isa = PBXBuildFile; fileRef = A76DEFDB2570A12400556562 /* NowWatchMeQuery.swift */; };
		A76DEFDF2570A4B200556562 /* RavenSender.swift in Sources */ = {isa = PBXBuildFile; fileRef = A76DEFDE2570A4B200556562 /* RavenSender.swift */; };
		A76DEFE12570A51C00556562 /* Message.swift in Sources */ = {isa = PBXBuildFile; fileRef = A76DEFE02570A51C00556562 /* Message.swift */; };
		A76DEFE32570A54E00556562 /* TypesOfHaters.swift in Sources */ = {isa = PBXBuildFile; fileRef = A76DEFE22570A54E00556562 /* TypesOfHaters.swift */; };
		A76DEFE52570AA8200556562 /* TypesOfMassages.swift in Sources */ = {isa = PBXBuildFile; fileRef = A76DEFE42570AA8200556562 /* TypesOfMassages.swift */; };
		A76DEFE72570AAC400556562 /* Action.swift in Sources */ = {isa = PBXBuildFile; fileRef = A76DEFE62570AAC400556562 /* Action.swift */; };
		A76DEFE92570AAE500556562 /* ActionType.swift in Sources */ = {isa = PBXBuildFile; fileRef = A76DEFE82570AAE500556562 /* ActionType.swift */; };
		A76DEFEB2570AB3100556562 /* Configuration.swift in Sources */ = {isa = PBXBuildFile; fileRef = A76DEFEA2570AB3100556562 /* Configuration.swift */; };
		A76DEFED2570ABCB00556562 /* SendStyle.swift in Sources */ = {isa = PBXBuildFile; fileRef = A76DEFEC2570ABCB00556562 /* SendStyle.swift */; };
		A7F434A3257055E50029044C /* AppDelegate.swift in Sources */ = {isa = PBXBuildFile; fileRef = A7F434A2257055E50029044C /* AppDelegate.swift */; };
		A7F434A5257055E50029044C /* ViewController.swift in Sources */ = {isa = PBXBuildFile; fileRef = A7F434A4257055E50029044C /* ViewController.swift */; };
		A7F434A7257055E60029044C /* Assets.xcassets in Resources */ = {isa = PBXBuildFile; fileRef = A7F434A6257055E60029044C /* Assets.xcassets */; };
		A7F434AA257055E60029044C /* Main.storyboard in Resources */ = {isa = PBXBuildFile; fileRef = A7F434A8257055E60029044C /* Main.storyboard */; };
		A7F434B4257090DA0029044C /* MartyConstants.swift in Sources */ = {isa = PBXBuildFile; fileRef = A7F434B3257090DA0029044C /* MartyConstants.swift */; };
/* End PBXBuildFile section */

/* Begin PBXFileReference section */
		A76DEFD92570A0E400556562 /* Marty.swift */ = {isa = PBXFileReference; lastKnownFileType = sourcecode.swift; path = Marty.swift; sourceTree = "<group>"; };
		A76DEFDB2570A12400556562 /* NowWatchMeQuery.swift */ = {isa = PBXFileReference; lastKnownFileType = sourcecode.swift; path = NowWatchMeQuery.swift; sourceTree = "<group>"; };
		A76DEFDE2570A4B200556562 /* RavenSender.swift */ = {isa = PBXFileReference; lastKnownFileType = sourcecode.swift; path = RavenSender.swift; sourceTree = "<group>"; };
		A76DEFE02570A51C00556562 /* Message.swift */ = {isa = PBXFileReference; lastKnownFileType = sourcecode.swift; path = Message.swift; sourceTree = "<group>"; };
		A76DEFE22570A54E00556562 /* TypesOfHaters.swift */ = {isa = PBXFileReference; lastKnownFileType = sourcecode.swift; path = TypesOfHaters.swift; sourceTree = "<group>"; };
		A76DEFE42570AA8200556562 /* TypesOfMassages.swift */ = {isa = PBXFileReference; lastKnownFileType = sourcecode.swift; path = TypesOfMassages.swift; sourceTree = "<group>"; };
		A76DEFE62570AAC400556562 /* Action.swift */ = {isa = PBXFileReference; lastKnownFileType = sourcecode.swift; path = Action.swift; sourceTree = "<group>"; };
		A76DEFE82570AAE500556562 /* ActionType.swift */ = {isa = PBXFileReference; lastKnownFileType = sourcecode.swift; path = ActionType.swift; sourceTree = "<group>"; };
		A76DEFEA2570AB3100556562 /* Configuration.swift */ = {isa = PBXFileReference; lastKnownFileType = sourcecode.swift; path = Configuration.swift; sourceTree = "<group>"; };
		A76DEFEC2570ABCB00556562 /* SendStyle.swift */ = {isa = PBXFileReference; lastKnownFileType = sourcecode.swift; path = SendStyle.swift; sourceTree = "<group>"; };
		A7F4349F257055E50029044C /* MartyDavidson.app */ = {isa = PBXFileReference; explicitFileType = wrapper.application; includeInIndex = 0; path = MartyDavidson.app; sourceTree = BUILT_PRODUCTS_DIR; };
		A7F434A2257055E50029044C /* AppDelegate.swift */ = {isa = PBXFileReference; lastKnownFileType = sourcecode.swift; path = AppDelegate.swift; sourceTree = "<group>"; };
		A7F434A4257055E50029044C /* ViewController.swift */ = {isa = PBXFileReference; lastKnownFileType = sourcecode.swift; path = ViewController.swift; sourceTree = "<group>"; };
		A7F434A6257055E60029044C /* Assets.xcassets */ = {isa = PBXFileReference; lastKnownFileType = folder.assetcatalog; path = Assets.xcassets; sourceTree = "<group>"; };
		A7F434A9257055E60029044C /* Base */ = {isa = PBXFileReference; lastKnownFileType = file.storyboard; name = Base; path = Base.lproj/Main.storyboard; sourceTree = "<group>"; };
		A7F434AB257055E60029044C /* Info.plist */ = {isa = PBXFileReference; lastKnownFileType = text.plist.xml; path = Info.plist; sourceTree = "<group>"; };
		A7F434AC257055E60029044C /* MartyDavidson.entitlements */ = {isa = PBXFileReference; lastKnownFileType = text.plist.entitlements; path = MartyDavidson.entitlements; sourceTree = "<group>"; };
		A7F434B3257090DA0029044C /* MartyConstants.swift */ = {isa = PBXFileReference; lastKnownFileType = sourcecode.swift; path = MartyConstants.swift; sourceTree = "<group>"; };
/* End PBXFileReference section */

/* Begin PBXFrameworksBuildPhase section */
		A7F4349C257055E50029044C /* Frameworks */ = {
			isa = PBXFrameworksBuildPhase;
			buildActionMask = 2147483647;
			files = (
			);
			runOnlyForDeploymentPostprocessing = 0;
		};
/* End PBXFrameworksBuildPhase section */

/* Begin PBXGroup section */
		A76DEFDD2570A49800556562 /* MartyDavidson'sHeart */ = {
			isa = PBXGroup;
			children = (
				A76DEFDE2570A4B200556562 /* RavenSender.swift */,
				A76DEFE02570A51C00556562 /* Message.swift */,
				A76DEFE22570A54E00556562 /* TypesOfHaters.swift */,
				A76DEFE42570AA8200556562 /* TypesOfMassages.swift */,
				A76DEFE62570AAC400556562 /* Action.swift */,
				A76DEFE82570AAE500556562 /* ActionType.swift */,
				A76DEFEA2570AB3100556562 /* Configuration.swift */,
				A76DEFEC2570ABCB00556562 /* SendStyle.swift */,
			);
			path = "MartyDavidson'sHeart";
			sourceTree = "<group>";
		};
		A7F43496257055E50029044C = {
			isa = PBXGroup;
			children = (
				A76DEFDD2570A49800556562 /* MartyDavidson'sHeart */,
				A7F434B225708FF10029044C /* MartyDavidsonUI */,
				A7F434A1257055E50029044C /* MartyDavidson */,
				A7F434A0257055E50029044C /* Products */,
			);
			sourceTree = "<group>";
		};
		A7F434A0257055E50029044C /* Products */ = {
			isa = PBXGroup;
			children = (
				A7F4349F257055E50029044C /* MartyDavidson.app */,
			);
			name = Products;
			sourceTree = "<group>";
		};
		A7F434A1257055E50029044C /* MartyDavidson */ = {
			isa = PBXGroup;
			children = (
				A7F434AC257055E60029044C /* MartyDavidson.entitlements */,
				A7F434B3257090DA0029044C /* MartyConstants.swift */,
				A7F434AB257055E60029044C /* Info.plist */,
				A76DEFD92570A0E400556562 /* Marty.swift */,
				A76DEFDB2570A12400556562 /* NowWatchMeQuery.swift */,
			);
			path = MartyDavidson;
			sourceTree = "<group>";
		};
		A7F434B225708FF10029044C /* MartyDavidsonUI */ = {
			isa = PBXGroup;
			children = (
				A7F434A2257055E50029044C /* AppDelegate.swift */,
				A7F434A4257055E50029044C /* ViewController.swift */,
				A7F434A6257055E60029044C /* Assets.xcassets */,
				A7F434A8257055E60029044C /* Main.storyboard */,
			);
			path = MartyDavidsonUI;
			sourceTree = "<group>";
		};
/* End PBXGroup section */

/* Begin PBXNativeTarget section */
		A7F4349E257055E50029044C /* MartyDavidson */ = {
			isa = PBXNativeTarget;
			buildConfigurationList = A7F434AF257055E60029044C /* Build configuration list for PBXNativeTarget "MartyDavidson" */;
			buildPhases = (
				A7F4349B257055E50029044C /* Sources */,
				A7F4349C257055E50029044C /* Frameworks */,
				A7F4349D257055E50029044C /* Resources */,
			);
			buildRules = (
			);
			dependencies = (
			);
			name = MartyDavidson;
			productName = MartyDavidson;
			productReference = A7F4349F257055E50029044C /* MartyDavidson.app */;
			productType = "com.apple.product-type.application";
		};
/* End PBXNativeTarget section */

/* Begin PBXProject section */
		A7F43497257055E50029044C /* Project object */ = {
			isa = PBXProject;
			attributes = {
				LastSwiftUpdateCheck = 1010;
				LastUpgradeCheck = 1010;
				ORGANIZATIONNAME = "Noah Weiner";
				TargetAttributes = {
					A7F4349E257055E50029044C = {
						CreatedOnToolsVersion = 10.1;
					};
				};
			};
			buildConfigurationList = A7F4349A257055E50029044C /* Build configuration list for PBXProject "MartyDavidson" */;
			compatibilityVersion = "Xcode 9.3";
			developmentRegion = en;
			hasScannedForEncodings = 0;
			knownRegions = (
				en,
				Base,
			);
			mainGroup = A7F43496257055E50029044C;
			productRefGroup = A7F434A0257055E50029044C /* Products */;
			projectDirPath = "";
			projectRoot = "";
			targets = (
				A7F4349E257055E50029044C /* MartyDavidson */,
			);
		};
/* End PBXProject section */

/* Begin PBXResourcesBuildPhase section */
		A7F4349D257055E50029044C /* Resources */ = {
			isa = PBXResourcesBuildPhase;
			buildActionMask = 2147483647;
			files = (
				A7F434A7257055E60029044C /* Assets.xcassets in Resources */,
				A7F434AA257055E60029044C /* Main.storyboard in Resources */,
			);
			runOnlyForDeploymentPostprocessing = 0;
		};
/* End PBXResourcesBuildPhase section */

/* Begin PBXSourcesBuildPhase section */
		A7F4349B257055E50029044C /* Sources */ = {
			isa = PBXSourcesBuildPhase;
			buildActionMask = 2147483647;
			files = (
				A76DEFDC2570A12400556562 /* NowWatchMeQuery.swift in Sources */,
				A76DEFE52570AA8200556562 /* TypesOfMassages.swift in Sources */,
				A7F434A5257055E50029044C /* ViewController.swift in Sources */,
				A76DEFE72570AAC400556562 /* Action.swift in Sources */,
				A7F434B4257090DA0029044C /* MartyConstants.swift in Sources */,
				A76DEFE92570AAE500556562 /* ActionType.swift in Sources */,
				A76DEFEB2570AB3100556562 /* Configuration.swift in Sources */,
				A76DEFED2570ABCB00556562 /* SendStyle.swift in Sources */,
				A7F434A3257055E50029044C /* AppDelegate.swift in Sources */,
				A76DEFDF2570A4B200556562 /* RavenSender.swift in Sources */,
				A76DEFDA2570A0E400556562 /* Marty.swift in Sources */,
				A76DEFE32570A54E00556562 /* TypesOfHaters.swift in Sources */,
				A76DEFE12570A51C00556562 /* Message.swift in Sources */,
			);
			runOnlyForDeploymentPostprocessing = 0;
		};
/* End PBXSourcesBuildPhase section */

/* Begin PBXVariantGroup section */
		A7F434A8257055E60029044C /* Main.storyboard */ = {
			isa = PBXVariantGroup;
			children = (
				A7F434A9257055E60029044C /* Base */,
			);
			name = Main.storyboard;
			sourceTree = "<group>";
		};
/* End PBXVariantGroup section */

/* Begin XCBuildConfiguration section */
		A7F434AD257055E60029044C /* Debug */ = {
			isa = XCBuildConfiguration;
			buildSettings = {
				ALWAYS_SEARCH_USER_PATHS = NO;
				CLANG_ANALYZER_NONNULL = YES;
				CLANG_ANALYZER_NUMBER_OBJECT_CONVERSION = YES_AGGRESSIVE;
				CLANG_CXX_LANGUAGE_STANDARD = "gnu++14";
				CLANG_CXX_LIBRARY = "libc++";
				CLANG_ENABLE_MODULES = YES;
				CLANG_ENABLE_OBJC_ARC = YES;
				CLANG_ENABLE_OBJC_WEAK = YES;
				CLANG_WARN_BLOCK_CAPTURE_AUTORELEASING = YES;
				CLANG_WARN_BOOL_CONVERSION = YES;
				CLANG_WARN_COMMA = YES;
				CLANG_WARN_CONSTANT_CONVERSION = YES;
				CLANG_WARN_DEPRECATED_OBJC_IMPLEMENTATIONS = YES;
				CLANG_WARN_DIRECT_OBJC_ISA_USAGE = YES_ERROR;
				CLANG_WARN_DOCUMENTATION_COMMENTS = YES;
				CLANG_WARN_EMPTY_BODY = YES;
				CLANG_WARN_ENUM_CONVERSION = YES;
				CLANG_WARN_INFINITE_RECURSION = YES;
				CLANG_WARN_INT_CONVERSION = YES;
				CLANG_WARN_NON_LITERAL_NULL_CONVERSION = YES;
				CLANG_WARN_OBJC_IMPLICIT_RETAIN_SELF = YES;
				CLANG_WARN_OBJC_LITERAL_CONVERSION = YES;
				CLANG_WARN_OBJC_ROOT_CLASS = YES_ERROR;
				CLANG_WARN_RANGE_LOOP_ANALYSIS = YES;
				CLANG_WARN_STRICT_PROTOTYPES = YES;
				CLANG_WARN_SUSPICIOUS_MOVE = YES;
				CLANG_WARN_UNGUARDED_AVAILABILITY = YES_AGGRESSIVE;
				CLANG_WARN_UNREACHABLE_CODE = YES;
				CLANG_WARN__DUPLICATE_METHOD_MATCH = YES;
				CODE_SIGN_IDENTITY = "-";
				COPY_PHASE_STRIP = NO;
				DEBUG_INFORMATION_FORMAT = dwarf;
				ENABLE_STRICT_OBJC_MSGSEND = YES;
				ENABLE_TESTABILITY = YES;
				GCC_C_LANGUAGE_STANDARD = gnu11;
				GCC_DYNAMIC_NO_PIC = NO;
				GCC_NO_COMMON_BLOCKS = YES;
				GCC_OPTIMIZATION_LEVEL = 0;
				GCC_PREPROCESSOR_DEFINITIONS = (
					"DEBUG=1",
					"$(inherited)",
				);
				GCC_WARN_64_TO_32_BIT_CONVERSION = YES;
				GCC_WARN_ABOUT_RETURN_TYPE = YES_ERROR;
				GCC_WARN_UNDECLARED_SELECTOR = YES;
				GCC_WARN_UNINITIALIZED_AUTOS = YES_AGGRESSIVE;
				GCC_WARN_UNUSED_FUNCTION = YES;
				GCC_WARN_UNUSED_VARIABLE = YES;
				MACOSX_DEPLOYMENT_TARGET = 10.13;
				MTL_ENABLE_DEBUG_INFO = INCLUDE_SOURCE;
				MTL_FAST_MATH = YES;
				ONLY_ACTIVE_ARCH = YES;
				SDKROOT = macosx;
				SWIFT_ACTIVE_COMPILATION_CONDITIONS = DEBUG;
				SWIFT_OPTIMIZATION_LEVEL = "-Onone";
			};
			name = Debug;
		};
		A7F434AE257055E60029044C /* Release */ = {
			isa = XCBuildConfiguration;
			buildSettings = {
				ALWAYS_SEARCH_USER_PATHS = NO;
				CLANG_ANALYZER_NONNULL = YES;
				CLANG_ANALYZER_NUMBER_OBJECT_CONVERSION = YES_AGGRESSIVE;
				CLANG_CXX_LANGUAGE_STANDARD = "gnu++14";
				CLANG_CXX_LIBRARY = "libc++";
				CLANG_ENABLE_MODULES = YES;
				CLANG_ENABLE_OBJC_ARC = YES;
				CLANG_ENABLE_OBJC_WEAK = YES;
				CLANG_WARN_BLOCK_CAPTURE_AUTORELEASING = YES;
				CLANG_WARN_BOOL_CONVERSION = YES;
				CLANG_WARN_COMMA = YES;
				CLANG_WARN_CONSTANT_CONVERSION = YES;
				CLANG_WARN_DEPRECATED_OBJC_IMPLEMENTATIONS = YES;
				CLANG_WARN_DIRECT_OBJC_ISA_USAGE = YES_ERROR;
				CLANG_WARN_DOCUMENTATION_COMMENTS = YES;
				CLANG_WARN_EMPTY_BODY = YES;
				CLANG_WARN_ENUM_CONVERSION = YES;
				CLANG_WARN_INFINITE_RECURSION = YES;
				CLANG_WARN_INT_CONVERSION = YES;
				CLANG_WARN_NON_LITERAL_NULL_CONVERSION = YES;
				CLANG_WARN_OBJC_IMPLICIT_RETAIN_SELF = YES;
				CLANG_WARN_OBJC_LITERAL_CONVERSION = YES;
				CLANG_WARN_OBJC_ROOT_CLASS = YES_ERROR;
				CLANG_WARN_RANGE_LOOP_ANALYSIS = YES;
				CLANG_WARN_STRICT_PROTOTYPES = YES;
				CLANG_WARN_SUSPICIOUS_MOVE = YES;
				CLANG_WARN_UNGUARDED_AVAILABILITY = YES_AGGRESSIVE;
				CLANG_WARN_UNREACHABLE_CODE = YES;
				CLANG_WARN__DUPLICATE_METHOD_MATCH = YES;
				CODE_SIGN_IDENTITY = "-";
				COPY_PHASE_STRIP = NO;
				DEBUG_INFORMATION_FORMAT = "dwarf-with-dsym";
				ENABLE_NS_ASSERTIONS = NO;
				ENABLE_STRICT_OBJC_MSGSEND = YES;
				GCC_C_LANGUAGE_STANDARD = gnu11;
				GCC_NO_COMMON_BLOCKS = YES;
				GCC_WARN_64_TO_32_BIT_CONVERSION = YES;
				GCC_WARN_ABOUT_RETURN_TYPE = YES_ERROR;
				GCC_WARN_UNDECLARED_SELECTOR = YES;
				GCC_WARN_UNINITIALIZED_AUTOS = YES_AGGRESSIVE;
				GCC_WARN_UNUSED_FUNCTION = YES;
				GCC_WARN_UNUSED_VARIABLE = YES;
				MACOSX_DEPLOYMENT_TARGET = 10.13;
				MTL_ENABLE_DEBUG_INFO = NO;
				MTL_FAST_MATH = YES;
				SDKROOT = macosx;
				SWIFT_COMPILATION_MODE = wholemodule;
				SWIFT_OPTIMIZATION_LEVEL = "-O";
			};
			name = Release;
		};
		A7F434B0257055E60029044C /* Debug */ = {
			isa = XCBuildConfiguration;
			buildSettings = {
				ASSETCATALOG_COMPILER_APPICON_NAME = AppIcon;
				CODE_SIGN_ENTITLEMENTS = MartyDavidson/MartyDavidson.entitlements;
				CODE_SIGN_STYLE = Automatic;
				COMBINE_HIDPI_IMAGES = YES;
				INFOPLIST_FILE = MartyDavidson/Info.plist;
				LD_RUNPATH_SEARCH_PATHS = (
					"$(inherited)",
					"@executable_path/../Frameworks",
				);
				PRODUCT_BUNDLE_IDENTIFIER = com.weiner.MartyDavidson;
				PRODUCT_NAME = "$(TARGET_NAME)";
				SWIFT_VERSION = 4.2;
			};
			name = Debug;
		};
		A7F434B1257055E60029044C /* Release */ = {
			isa = XCBuildConfiguration;
			buildSettings = {
				ASSETCATALOG_COMPILER_APPICON_NAME = AppIcon;
				CODE_SIGN_ENTITLEMENTS = MartyDavidson/MartyDavidson.entitlements;
				CODE_SIGN_STYLE = Automatic;
				COMBINE_HIDPI_IMAGES = YES;
				INFOPLIST_FILE = MartyDavidson/Info.plist;
				LD_RUNPATH_SEARCH_PATHS = (
					"$(inherited)",
					"@executable_path/../Frameworks",
				);
				PRODUCT_BUNDLE_IDENTIFIER = com.weiner.MartyDavidson;
				PRODUCT_NAME = "$(TARGET_NAME)";
				SWIFT_VERSION = 4.2;
			};
			name = Release;
		};
/* End XCBuildConfiguration section */

/* Begin XCConfigurationList section */
		A7F4349A257055E50029044C /* Build configuration list for PBXProject "MartyDavidson" */ = {
			isa = XCConfigurationList;
			buildConfigurations = (
				A7F434AD257055E60029044C /* Debug */,
				A7F434AE257055E60029044C /* Release */,
			);
			defaultConfigurationIsVisible = 0;
			defaultConfigurationName = Release;
		};
		A7F434AF257055E60029044C /* Build configuration list for PBXNativeTarget "MartyDavidson" */ = {
			isa = XCConfigurationList;
			buildConfigurations = (
				A7F434B0257055E60029044C /* Debug */,
				A7F434B1257055E60029044C /* Release */,
			);
			defaultConfigurationIsVisible = 0;
			defaultConfigurationName = Release;
		};
/* End XCConfigurationList section */
	};
	rootObject = A7F43497257055E50029044C /* Project object */;
}
